
Microsoft Visual Studio Solution File, Format Version 12.00
# Visual Studio Version 17
VisualStudioVersion = 17.3.32929.385
MinimumVisualStudioVersion = 10.0.40219.1
Project("{9A19103F-16F7-4668-BE54-9A1E7A4F7556}") = "Chapter", "Chapter\Chapter.csproj", "{5C98C87F-4750-4A32-8711-EB4EEB01FCF5}"
EndProject
Project("{FAE04EC0-301F-11D3-BF4B-00C04F79EFBC}") = "TesteChapter", "TesteChapter\TesteChapter.csproj", "{241F13AE-6678-40EB-9D6F-4D70FBE1A617}"
EndProject
Global
	GlobalSection(SolutionConfigurationPlatforms) = preSolution
		Debug|Any CPU = Debug|Any CPU
		Release|Any CPU = Release|Any CPU
	EndGlobalSection
	GlobalSection(ProjectConfigurationPlatforms) = postSolution
		{5C98C87F-4750-4A32-8711-EB4EEB01FCF5}.Debug|Any CPU.ActiveCfg = Debug|Any CPU
		{5C98C87F-4750-4A32-8711-EB4EEB01FCF5}.Debug|Any CPU.Build.0 = Debug|Any CPU
		{5C98C87F-4750-4A32-8711-EB4EEB01FCF5}.Release|Any CPU.ActiveCfg = Release|Any CPU
		{5C98C87F-4750-4A32-8711-EB4EEB01FCF5}.Release|Any CPU.Build.0 = Release|Any CPU
		{241F13AE-6678-40EB-9D6F-4D70FBE1A617}.Debug|Any CPU.ActiveCfg = Debug|Any CPU
		{241F13AE-6678-40EB-9D6F-4D70FBE1A617}.Debug|Any CPU.Build.0 = Debug|Any CPU
		{241F13AE-6678-40EB-9D6F-4D70FBE1A617}.Release|Any CPU.ActiveCfg = Release|Any CPU
		{241F13AE-6678-40EB-9D6F-4D70FBE1A617}.Release|Any CPU.Build.0 = Release|Any CPU
	EndGlobalSection
	GlobalSection(SolutionProperties) = preSolution
		HideSolutionNode = FALSE
	EndGlobalSection
	GlobalSection(ExtensibilityGlobals) = postSolution
		SolutionGuid = {2642D595-9266-4410-BE5F-F13D3423A9DD}
	EndGlobalSection
EndGlobal
